// !$*UTF8*$!
{
	archiveVersion = 1;
	classes = {
	};
	objectVersion = 56;
	objects = {

/* Begin PBXBuildFile section */
		5463EC8C2C99D54000C422F4 /* BikeStationApp.swift in Sources */ = {isa = PBXBuildFile; fileRef = 5463EC8B2C99D54000C422F4 /* BikeStationApp.swift */; };
		5463EC922C99D54200C422F4 /* Assets.xcassets in Resources */ = {isa = PBXBuildFile; fileRef = 5463EC912C99D54200C422F4 /* Assets.xcassets */; };
		5463EC952C99D54200C422F4 /* Preview Assets.xcassets in Resources */ = {isa = PBXBuildFile; fileRef = 5463EC942C99D54200C422F4 /* Preview Assets.xcassets */; };
		5463ECA82C99D5F700C422F4 /* BikeDataFeature.framework in Frameworks */ = {isa = PBXBuildFile; fileRef = 5463ECA02C99D5F700C422F4 /* BikeDataFeature.framework */; };
		5463ECAF2C99D5F700C422F4 /* LoadStationFromRemoteUseCaseTests.swift in Sources */ = {isa = PBXBuildFile; fileRef = 5463ECAE2C99D5F700C422F4 /* LoadStationFromRemoteUseCaseTests.swift */; };
		5463ECB02C99D5F700C422F4 /* BikeDataFeature.h in Headers */ = {isa = PBXBuildFile; fileRef = 5463ECA22C99D5F700C422F4 /* BikeDataFeature.h */; settings = {ATTRIBUTES = (Public, ); }; };
		5463ECBE2C99D64500C422F4 /* StationLoader.swift in Sources */ = {isa = PBXBuildFile; fileRef = 5463ECBD2C99D64500C422F4 /* StationLoader.swift */; };
		5463ECC12C99D66700C422F4 /* Station.swift in Sources */ = {isa = PBXBuildFile; fileRef = 5463ECC02C99D66700C422F4 /* Station.swift */; };
		5463ECC52C99D79000C422F4 /* URLSessionHTTPClient.swift in Sources */ = {isa = PBXBuildFile; fileRef = 5463ECC42C99D79000C422F4 /* URLSessionHTTPClient.swift */; };
		5463ECC72C99D79E00C422F4 /* HTTPClient.swift in Sources */ = {isa = PBXBuildFile; fileRef = 5463ECC62C99D79E00C422F4 /* HTTPClient.swift */; };
		5463ECC92C99D7AA00C422F4 /* RemoteStationLoader.swift in Sources */ = {isa = PBXBuildFile; fileRef = 5463ECC82C99D7AA00C422F4 /* RemoteStationLoader.swift */; };
		5463ECCC2C99D80E00C422F4 /* StationMapper.swift in Sources */ = {isa = PBXBuildFile; fileRef = 5463ECCB2C99D80E00C422F4 /* StationMapper.swift */; };
		5463ECCF2C99D9DE00C422F4 /* CoreDataStack.swift in Sources */ = {isa = PBXBuildFile; fileRef = 5463ECCE2C99D9DE00C422F4 /* CoreDataStack.swift */; };
		5463ECD22C99D9FB00C422F4 /* StationModel.xcdatamodeld in Sources */ = {isa = PBXBuildFile; fileRef = 5463ECD02C99D9FB00C422F4 /* StationModel.xcdatamodeld */; };
		5463ECD42C99DAB600C422F4 /* CoreDataServices.swift in Sources */ = {isa = PBXBuildFile; fileRef = 5463ECD32C99DAB600C422F4 /* CoreDataServices.swift */; };
		5463ECD72C99DD4100C422F4 /* HTTPClientSpy.swift in Sources */ = {isa = PBXBuildFile; fileRef = 5463ECD62C99DD4100C422F4 /* HTTPClientSpy.swift */; };
		5463ECD92C99DD4F00C422F4 /* SharedTestHelpers.swift in Sources */ = {isa = PBXBuildFile; fileRef = 5463ECD82C99DD4F00C422F4 /* SharedTestHelpers.swift */; };
		54D96EE82C99E3B300D83814 /* BikeStationListView.swift in Sources */ = {isa = PBXBuildFile; fileRef = 54D96EE72C99E3B300D83814 /* BikeStationListView.swift */; };
		54D96EEB2C99E40D00D83814 /* BikeStationsViewModel.swift in Sources */ = {isa = PBXBuildFile; fileRef = 54D96EEA2C99E40D00D83814 /* BikeStationsViewModel.swift */; };
		54D96EED2C99E42400D83814 /* StationItemViewModel.swift in Sources */ = {isa = PBXBuildFile; fileRef = 54D96EEC2C99E42400D83814 /* StationItemViewModel.swift */; };
		54D96EF72C99E5BA00D83814 /* BikeDataFeature.framework in Frameworks */ = {isa = PBXBuildFile; fileRef = 5463ECA02C99D5F700C422F4 /* BikeDataFeature.framework */; };
		54D96EF82C99E5BA00D83814 /* BikeDataFeature.framework in Embed Frameworks */ = {isa = PBXBuildFile; fileRef = 5463ECA02C99D5F700C422F4 /* BikeDataFeature.framework */; settings = {ATTRIBUTES = (RemoveHeadersOnCopy, ); }; };
		54D96EFE2C99E70800D83814 /* BikeStationListViewFactory.swift in Sources */ = {isa = PBXBuildFile; fileRef = 54D96EFD2C99E70800D83814 /* BikeStationListViewFactory.swift */; };
		54D96F002C99E77200D83814 /* Constants.swift in Sources */ = {isa = PBXBuildFile; fileRef = 54D96EFF2C99E77200D83814 /* Constants.swift */; };
		54D96F0A2C99F68100D83814 /* LocationManager.swift in Sources */ = {isa = PBXBuildFile; fileRef = 54D96F092C99F68100D83814 /* LocationManager.swift */; };
/* End PBXBuildFile section */

/* Begin PBXContainerItemProxy section */
		5463ECA92C99D5F700C422F4 /* PBXContainerItemProxy */ = {
			isa = PBXContainerItemProxy;
			containerPortal = 5463EC802C99D54000C422F4 /* Project object */;
			proxyType = 1;
			remoteGlobalIDString = 5463EC9F2C99D5F700C422F4;
			remoteInfo = BikeDataFeature;
		};
		5463ECAB2C99D5F700C422F4 /* PBXContainerItemProxy */ = {
			isa = PBXContainerItemProxy;
			containerPortal = 5463EC802C99D54000C422F4 /* Project object */;
			proxyType = 1;
			remoteGlobalIDString = 5463EC872C99D54000C422F4;
			remoteInfo = BikeStation;
		};
		54D96EF42C99E4BA00D83814 /* PBXContainerItemProxy */ = {
			isa = PBXContainerItemProxy;
			containerPortal = 5463EC802C99D54000C422F4 /* Project object */;
			proxyType = 1;
			remoteGlobalIDString = 5463EC9F2C99D5F700C422F4;
			remoteInfo = BikeDataFeature;
		};
/* End PBXContainerItemProxy section */

/* Begin PBXCopyFilesBuildPhase section */
		54D96EF92C99E5BA00D83814 /* Embed Frameworks */ = {
			isa = PBXCopyFilesBuildPhase;
			buildActionMask = 2147483647;
			dstPath = "";
			dstSubfolderSpec = 10;
			files = (
				54D96EF82C99E5BA00D83814 /* BikeDataFeature.framework in Embed Frameworks */,
			);
			name = "Embed Frameworks";
			runOnlyForDeploymentPostprocessing = 0;
		};
/* End PBXCopyFilesBuildPhase section */

/* Begin PBXFileReference section */
		5463EC882C99D54000C422F4 /* BikeStation.app */ = {isa = PBXFileReference; explicitFileType = wrapper.application; includeInIndex = 0; path = BikeStation.app; sourceTree = BUILT_PRODUCTS_DIR; };
		5463EC8B2C99D54000C422F4 /* BikeStationApp.swift */ = {isa = PBXFileReference; lastKnownFileType = sourcecode.swift; path = BikeStationApp.swift; sourceTree = "<group>"; };
		5463EC912C99D54200C422F4 /* Assets.xcassets */ = {isa = PBXFileReference; lastKnownFileType = folder.assetcatalog; path = Assets.xcassets; sourceTree = "<group>"; };
		5463EC942C99D54200C422F4 /* Preview Assets.xcassets */ = {isa = PBXFileReference; lastKnownFileType = folder.assetcatalog; path = "Preview Assets.xcassets"; sourceTree = "<group>"; };
		5463ECA02C99D5F700C422F4 /* BikeDataFeature.framework */ = {isa = PBXFileReference; explicitFileType = wrapper.framework; includeInIndex = 0; path = BikeDataFeature.framework; sourceTree = BUILT_PRODUCTS_DIR; };
		5463ECA22C99D5F700C422F4 /* BikeDataFeature.h */ = {isa = PBXFileReference; lastKnownFileType = sourcecode.c.h; path = BikeDataFeature.h; sourceTree = "<group>"; };
		5463ECA72C99D5F700C422F4 /* BikeDataFeatureTests.xctest */ = {isa = PBXFileReference; explicitFileType = wrapper.cfbundle; includeInIndex = 0; path = BikeDataFeatureTests.xctest; sourceTree = BUILT_PRODUCTS_DIR; };
		5463ECAE2C99D5F700C422F4 /* LoadStationFromRemoteUseCaseTests.swift */ = {isa = PBXFileReference; lastKnownFileType = sourcecode.swift; path = LoadStationFromRemoteUseCaseTests.swift; sourceTree = "<group>"; };
		5463ECBD2C99D64500C422F4 /* StationLoader.swift */ = {isa = PBXFileReference; lastKnownFileType = sourcecode.swift; path = StationLoader.swift; sourceTree = "<group>"; };
		5463ECC02C99D66700C422F4 /* Station.swift */ = {isa = PBXFileReference; lastKnownFileType = sourcecode.swift; path = Station.swift; sourceTree = "<group>"; };
		5463ECC42C99D79000C422F4 /* URLSessionHTTPClient.swift */ = {isa = PBXFileReference; lastKnownFileType = sourcecode.swift; path = URLSessionHTTPClient.swift; sourceTree = "<group>"; };
		5463ECC62C99D79E00C422F4 /* HTTPClient.swift */ = {isa = PBXFileReference; lastKnownFileType = sourcecode.swift; path = HTTPClient.swift; sourceTree = "<group>"; };
		5463ECC82C99D7AA00C422F4 /* RemoteStationLoader.swift */ = {isa = PBXFileReference; lastKnownFileType = sourcecode.swift; path = RemoteStationLoader.swift; sourceTree = "<group>"; };
		5463ECCB2C99D80E00C422F4 /* StationMapper.swift */ = {isa = PBXFileReference; lastKnownFileType = sourcecode.swift; path = StationMapper.swift; sourceTree = "<group>"; };
		5463ECCE2C99D9DE00C422F4 /* CoreDataStack.swift */ = {isa = PBXFileReference; lastKnownFileType = sourcecode.swift; path = CoreDataStack.swift; sourceTree = "<group>"; };
		5463ECD12C99D9FB00C422F4 /* StationModel.xcdatamodel */ = {isa = PBXFileReference; lastKnownFileType = wrapper.xcdatamodel; path = StationModel.xcdatamodel; sourceTree = "<group>"; };
		5463ECD32C99DAB600C422F4 /* CoreDataServices.swift */ = {isa = PBXFileReference; lastKnownFileType = sourcecode.swift; path = CoreDataServices.swift; sourceTree = "<group>"; };
		5463ECD62C99DD4100C422F4 /* HTTPClientSpy.swift */ = {isa = PBXFileReference; lastKnownFileType = sourcecode.swift; path = HTTPClientSpy.swift; sourceTree = "<group>"; };
		5463ECD82C99DD4F00C422F4 /* SharedTestHelpers.swift */ = {isa = PBXFileReference; lastKnownFileType = sourcecode.swift; path = SharedTestHelpers.swift; sourceTree = "<group>"; };
		54D96EE62C99E13C00D83814 /* TestPlan.xctestplan */ = {isa = PBXFileReference; lastKnownFileType = text; path = TestPlan.xctestplan; sourceTree = "<group>"; };
		54D96EE72C99E3B300D83814 /* BikeStationListView.swift */ = {isa = PBXFileReference; lastKnownFileType = sourcecode.swift; path = BikeStationListView.swift; sourceTree = "<group>"; };
		54D96EEA2C99E40D00D83814 /* BikeStationsViewModel.swift */ = {isa = PBXFileReference; lastKnownFileType = sourcecode.swift; path = BikeStationsViewModel.swift; sourceTree = "<group>"; };
		54D96EEC2C99E42400D83814 /* StationItemViewModel.swift */ = {isa = PBXFileReference; lastKnownFileType = sourcecode.swift; path = StationItemViewModel.swift; sourceTree = "<group>"; };
		54D96EFD2C99E70800D83814 /* BikeStationListViewFactory.swift */ = {isa = PBXFileReference; lastKnownFileType = sourcecode.swift; path = BikeStationListViewFactory.swift; sourceTree = "<group>"; };
		54D96EFF2C99E77200D83814 /* Constants.swift */ = {isa = PBXFileReference; lastKnownFileType = sourcecode.swift; path = Constants.swift; sourceTree = "<group>"; };
		54D96F092C99F68100D83814 /* LocationManager.swift */ = {isa = PBXFileReference; lastKnownFileType = sourcecode.swift; path = LocationManager.swift; sourceTree = "<group>"; };
/* End PBXFileReference section */

/* Begin PBXFrameworksBuildPhase section */
		5463EC852C99D54000C422F4 /* Frameworks */ = {
			isa = PBXFrameworksBuildPhase;
			buildActionMask = 2147483647;
			files = (
				54D96EF72C99E5BA00D83814 /* BikeDataFeature.framework in Frameworks */,
			);
			runOnlyForDeploymentPostprocessing = 0;
		};
		5463EC9D2C99D5F700C422F4 /* Frameworks */ = {
			isa = PBXFrameworksBuildPhase;
			buildActionMask = 2147483647;
			files = (
			);
			runOnlyForDeploymentPostprocessing = 0;
		};
		5463ECA42C99D5F700C422F4 /* Frameworks */ = {
			isa = PBXFrameworksBuildPhase;
			buildActionMask = 2147483647;
			files = (
				5463ECA82C99D5F700C422F4 /* BikeDataFeature.framework in Frameworks */,
			);
			runOnlyForDeploymentPostprocessing = 0;
		};
/* End PBXFrameworksBuildPhase section */

/* Begin PBXGroup section */
		5463EC7F2C99D54000C422F4 = {
			isa = PBXGroup;
			children = (
				5463EC8A2C99D54000C422F4 /* BikeStation */,
				5463ECA12C99D5F700C422F4 /* BikeDataFeature */,
				5463ECAD2C99D5F700C422F4 /* BikeDataFeatureTests */,
				5463EC892C99D54000C422F4 /* Products */,
				54D96EF12C99E4BA00D83814 /* Frameworks */,
			);
			sourceTree = "<group>";
		};
		5463EC892C99D54000C422F4 /* Products */ = {
			isa = PBXGroup;
			children = (
				5463EC882C99D54000C422F4 /* BikeStation.app */,
				5463ECA02C99D5F700C422F4 /* BikeDataFeature.framework */,
				5463ECA72C99D5F700C422F4 /* BikeDataFeatureTests.xctest */,
			);
			name = Products;
			sourceTree = "<group>";
		};
		5463EC8A2C99D54000C422F4 /* BikeStation */ = {
			isa = PBXGroup;
			children = (
				54D96EE92C99E3E100D83814 /* BikeStationList */,
				54D96F082C99F65C00D83814 /* Helpers */,
				54D96EFC2C99E6F800D83814 /* Factories */,
				5463EC8B2C99D54000C422F4 /* BikeStationApp.swift */,
				5463EC912C99D54200C422F4 /* Assets.xcassets */,
				5463EC932C99D54200C422F4 /* Preview Content */,
				54D96EFF2C99E77200D83814 /* Constants.swift */,
			);
			path = BikeStation;
			sourceTree = "<group>";
		};
		5463EC932C99D54200C422F4 /* Preview Content */ = {
			isa = PBXGroup;
			children = (
				5463EC942C99D54200C422F4 /* Preview Assets.xcassets */,
			);
			path = "Preview Content";
			sourceTree = "<group>";
		};
		5463ECA12C99D5F700C422F4 /* BikeDataFeature */ = {
			isa = PBXGroup;
			children = (
				5463ECBC2C99D62A00C422F4 /* Station Feature */,
				5463ECA22C99D5F700C422F4 /* BikeDataFeature.h */,
			);
			path = BikeDataFeature;
			sourceTree = "<group>";
		};
		5463ECAD2C99D5F700C422F4 /* BikeDataFeatureTests */ = {
			isa = PBXGroup;
			children = (
				5463ECD52C99DD0900C422F4 /* Helpers */,
				5463ECAE2C99D5F700C422F4 /* LoadStationFromRemoteUseCaseTests.swift */,
				54D96EE62C99E13C00D83814 /* TestPlan.xctestplan */,
			);
			path = BikeDataFeatureTests;
			sourceTree = "<group>";
		};
		5463ECBC2C99D62A00C422F4 /* Station Feature */ = {
			isa = PBXGroup;
			children = (
				5463ECCA2C99D80600C422F4 /* Mappers */,
				5463ECC32C99D77400C422F4 /* Networking */,
				5463ECC22C99D76A00C422F4 /* Cache */,
				5463ECBF2C99D65A00C422F4 /* Models */,
				5463ECBD2C99D64500C422F4 /* StationLoader.swift */,
			);
			path = "Station Feature";
			sourceTree = "<group>";
		};
		5463ECBF2C99D65A00C422F4 /* Models */ = {
			isa = PBXGroup;
			children = (
				5463ECC02C99D66700C422F4 /* Station.swift */,
			);
			path = Models;
			sourceTree = "<group>";
		};
		5463ECC22C99D76A00C422F4 /* Cache */ = {
			isa = PBXGroup;
			children = (
				5463ECCD2C99D9D000C422F4 /* Infra */,
				5463ECD32C99DAB600C422F4 /* CoreDataServices.swift */,
			);
			path = Cache;
			sourceTree = "<group>";
		};
		5463ECC32C99D77400C422F4 /* Networking */ = {
			isa = PBXGroup;
			children = (
				5463ECC42C99D79000C422F4 /* URLSessionHTTPClient.swift */,
				5463ECC62C99D79E00C422F4 /* HTTPClient.swift */,
				5463ECC82C99D7AA00C422F4 /* RemoteStationLoader.swift */,
			);
			path = Networking;
			sourceTree = "<group>";
		};
		5463ECCA2C99D80600C422F4 /* Mappers */ = {
			isa = PBXGroup;
			children = (
				5463ECCB2C99D80E00C422F4 /* StationMapper.swift */,
			);
			path = Mappers;
			sourceTree = "<group>";
		};
		5463ECCD2C99D9D000C422F4 /* Infra */ = {
			isa = PBXGroup;
			children = (
				5463ECCE2C99D9DE00C422F4 /* CoreDataStack.swift */,
				5463ECD02C99D9FB00C422F4 /* StationModel.xcdatamodeld */,
			);
			path = Infra;
			sourceTree = "<group>";
		};
		5463ECD52C99DD0900C422F4 /* Helpers */ = {
			isa = PBXGroup;
			children = (
				5463ECD62C99DD4100C422F4 /* HTTPClientSpy.swift */,
				5463ECD82C99DD4F00C422F4 /* SharedTestHelpers.swift */,
			);
			path = Helpers;
			sourceTree = "<group>";
		};
		54D96EE92C99E3E100D83814 /* BikeStationList */ = {
			isa = PBXGroup;
			children = (
				54D96EFB2C99E6D500D83814 /* ViewModel */,
				54D96EFA2C99E6C600D83814 /* View */,
			);
			path = BikeStationList;
			sourceTree = "<group>";
		};
		54D96EF12C99E4BA00D83814 /* Frameworks */ = {
			isa = PBXGroup;
			children = (
			);
			name = Frameworks;
			sourceTree = "<group>";
		};
		54D96EFA2C99E6C600D83814 /* View */ = {
			isa = PBXGroup;
			children = (
				54D96EE72C99E3B300D83814 /* BikeStationListView.swift */,
			);
			path = View;
			sourceTree = "<group>";
		};
		54D96EFB2C99E6D500D83814 /* ViewModel */ = {
			isa = PBXGroup;
			children = (
				54D96EEA2C99E40D00D83814 /* BikeStationsViewModel.swift */,
				54D96EEC2C99E42400D83814 /* StationItemViewModel.swift */,
			);
			path = ViewModel;
			sourceTree = "<group>";
		};
		54D96EFC2C99E6F800D83814 /* Factories */ = {
			isa = PBXGroup;
			children = (
				54D96EFD2C99E70800D83814 /* BikeStationListViewFactory.swift */,
			);
			path = Factories;
			sourceTree = "<group>";
		};
		54D96F082C99F65C00D83814 /* Helpers */ = {
			isa = PBXGroup;
			children = (
				54D96F092C99F68100D83814 /* LocationManager.swift */,
			);
			path = Helpers;
			sourceTree = "<group>";
		};
/* End PBXGroup section */

/* Begin PBXHeadersBuildPhase section */
		5463EC9B2C99D5F700C422F4 /* Headers */ = {
			isa = PBXHeadersBuildPhase;
			buildActionMask = 2147483647;
			files = (
				5463ECB02C99D5F700C422F4 /* BikeDataFeature.h in Headers */,
			);
			runOnlyForDeploymentPostprocessing = 0;
		};
/* End PBXHeadersBuildPhase section */

/* Begin PBXNativeTarget section */
		5463EC872C99D54000C422F4 /* BikeStation */ = {
			isa = PBXNativeTarget;
			buildConfigurationList = 5463EC982C99D54200C422F4 /* Build configuration list for PBXNativeTarget "BikeStation" */;
			buildPhases = (
				5463EC842C99D54000C422F4 /* Sources */,
				5463EC852C99D54000C422F4 /* Frameworks */,
				5463EC862C99D54000C422F4 /* Resources */,
				54D96EF92C99E5BA00D83814 /* Embed Frameworks */,
			);
			buildRules = (
			);
			dependencies = (
				54D96EF52C99E4BA00D83814 /* PBXTargetDependency */,
			);
			name = BikeStation;
			productName = BikeStation;
			productReference = 5463EC882C99D54000C422F4 /* BikeStation.app */;
			productType = "com.apple.product-type.application";
		};
		5463EC9F2C99D5F700C422F4 /* BikeDataFeature */ = {
			isa = PBXNativeTarget;
			buildConfigurationList = 5463ECB52C99D5F700C422F4 /* Build configuration list for PBXNativeTarget "BikeDataFeature" */;
			buildPhases = (
				5463EC9B2C99D5F700C422F4 /* Headers */,
				5463EC9C2C99D5F700C422F4 /* Sources */,
				5463EC9D2C99D5F700C422F4 /* Frameworks */,
				5463EC9E2C99D5F700C422F4 /* Resources */,
			);
			buildRules = (
			);
			dependencies = (
			);
			name = BikeDataFeature;
			productName = BikeDataFeature;
			productReference = 5463ECA02C99D5F700C422F4 /* BikeDataFeature.framework */;
			productType = "com.apple.product-type.framework";
		};
		5463ECA62C99D5F700C422F4 /* BikeDataFeatureTests */ = {
			isa = PBXNativeTarget;
			buildConfigurationList = 5463ECB92C99D5F700C422F4 /* Build configuration list for PBXNativeTarget "BikeDataFeatureTests" */;
			buildPhases = (
				5463ECA32C99D5F700C422F4 /* Sources */,
				5463ECA42C99D5F700C422F4 /* Frameworks */,
				5463ECA52C99D5F700C422F4 /* Resources */,
			);
			buildRules = (
			);
			dependencies = (
				5463ECAA2C99D5F700C422F4 /* PBXTargetDependency */,
				5463ECAC2C99D5F700C422F4 /* PBXTargetDependency */,
			);
			name = BikeDataFeatureTests;
			productName = BikeDataFeatureTests;
			productReference = 5463ECA72C99D5F700C422F4 /* BikeDataFeatureTests.xctest */;
			productType = "com.apple.product-type.bundle.unit-test";
		};
/* End PBXNativeTarget section */

/* Begin PBXProject section */
		5463EC802C99D54000C422F4 /* Project object */ = {
			isa = PBXProject;
			attributes = {
				BuildIndependentTargetsInParallel = 1;
				LastSwiftUpdateCheck = 1540;
				LastUpgradeCheck = 1540;
				TargetAttributes = {
					5463EC872C99D54000C422F4 = {
						CreatedOnToolsVersion = 15.4;
					};
					5463EC9F2C99D5F700C422F4 = {
						CreatedOnToolsVersion = 15.4;
						LastSwiftMigration = 1540;
					};
					5463ECA62C99D5F700C422F4 = {
						CreatedOnToolsVersion = 15.4;
						TestTargetID = 5463EC872C99D54000C422F4;
					};
				};
			};
			buildConfigurationList = 5463EC832C99D54000C422F4 /* Build configuration list for PBXProject "BikeStation" */;
			compatibilityVersion = "Xcode 14.0";
			developmentRegion = en;
			hasScannedForEncodings = 0;
			knownRegions = (
				en,
				Base,
			);
			mainGroup = 5463EC7F2C99D54000C422F4;
			productRefGroup = 5463EC892C99D54000C422F4 /* Products */;
			projectDirPath = "";
			projectRoot = "";
			targets = (
				5463EC872C99D54000C422F4 /* BikeStation */,
				5463EC9F2C99D5F700C422F4 /* BikeDataFeature */,
				5463ECA62C99D5F700C422F4 /* BikeDataFeatureTests */,
			);
		};
/* End PBXProject section */

/* Begin PBXResourcesBuildPhase section */
		5463EC862C99D54000C422F4 /* Resources */ = {
			isa = PBXResourcesBuildPhase;
			buildActionMask = 2147483647;
			files = (
				5463EC952C99D54200C422F4 /* Preview Assets.xcassets in Resources */,
				5463EC922C99D54200C422F4 /* Assets.xcassets in Resources */,
			);
			runOnlyForDeploymentPostprocessing = 0;
		};
		5463EC9E2C99D5F700C422F4 /* Resources */ = {
			isa = PBXResourcesBuildPhase;
			buildActionMask = 2147483647;
			files = (
			);
			runOnlyForDeploymentPostprocessing = 0;
		};
		5463ECA52C99D5F700C422F4 /* Resources */ = {
			isa = PBXResourcesBuildPhase;
			buildActionMask = 2147483647;
			files = (
			);
			runOnlyForDeploymentPostprocessing = 0;
		};
/* End PBXResourcesBuildPhase section */

/* Begin PBXSourcesBuildPhase section */
		5463EC842C99D54000C422F4 /* Sources */ = {
			isa = PBXSourcesBuildPhase;
			buildActionMask = 2147483647;
			files = (
				54D96EFE2C99E70800D83814 /* BikeStationListViewFactory.swift in Sources */,
				54D96EED2C99E42400D83814 /* StationItemViewModel.swift in Sources */,
				54D96EE82C99E3B300D83814 /* BikeStationListView.swift in Sources */,
				54D96F0A2C99F68100D83814 /* LocationManager.swift in Sources */,
				54D96EEB2C99E40D00D83814 /* BikeStationsViewModel.swift in Sources */,
				5463EC8C2C99D54000C422F4 /* BikeStationApp.swift in Sources */,
				54D96F002C99E77200D83814 /* Constants.swift in Sources */,
			);
			runOnlyForDeploymentPostprocessing = 0;
		};
		5463EC9C2C99D5F700C422F4 /* Sources */ = {
			isa = PBXSourcesBuildPhase;
			buildActionMask = 2147483647;
			files = (
				5463ECCF2C99D9DE00C422F4 /* CoreDataStack.swift in Sources */,
				5463ECC12C99D66700C422F4 /* Station.swift in Sources */,
				5463ECCC2C99D80E00C422F4 /* StationMapper.swift in Sources */,
				5463ECD42C99DAB600C422F4 /* CoreDataServices.swift in Sources */,
				5463ECBE2C99D64500C422F4 /* StationLoader.swift in Sources */,
				5463ECD22C99D9FB00C422F4 /* StationModel.xcdatamodeld in Sources */,
				5463ECC72C99D79E00C422F4 /* HTTPClient.swift in Sources */,
				5463ECC92C99D7AA00C422F4 /* RemoteStationLoader.swift in Sources */,
				5463ECC52C99D79000C422F4 /* URLSessionHTTPClient.swift in Sources */,
			);
			runOnlyForDeploymentPostprocessing = 0;
		};
		5463ECA32C99D5F700C422F4 /* Sources */ = {
			isa = PBXSourcesBuildPhase;
			buildActionMask = 2147483647;
			files = (
				5463ECAF2C99D5F700C422F4 /* LoadStationFromRemoteUseCaseTests.swift in Sources */,
				5463ECD72C99DD4100C422F4 /* HTTPClientSpy.swift in Sources */,
				5463ECD92C99DD4F00C422F4 /* SharedTestHelpers.swift in Sources */,
			);
			runOnlyForDeploymentPostprocessing = 0;
		};
/* End PBXSourcesBuildPhase section */

/* Begin PBXTargetDependency section */
		5463ECAA2C99D5F700C422F4 /* PBXTargetDependency */ = {
			isa = PBXTargetDependency;
			target = 5463EC9F2C99D5F700C422F4 /* BikeDataFeature */;
			targetProxy = 5463ECA92C99D5F700C422F4 /* PBXContainerItemProxy */;
		};
		5463ECAC2C99D5F700C422F4 /* PBXTargetDependency */ = {
			isa = PBXTargetDependency;
			target = 5463EC872C99D54000C422F4 /* BikeStation */;
			targetProxy = 5463ECAB2C99D5F700C422F4 /* PBXContainerItemProxy */;
		};
		54D96EF52C99E4BA00D83814 /* PBXTargetDependency */ = {
			isa = PBXTargetDependency;
			target = 5463EC9F2C99D5F700C422F4 /* BikeDataFeature */;
			targetProxy = 54D96EF42C99E4BA00D83814 /* PBXContainerItemProxy */;
		};
/* End PBXTargetDependency section */

/* Begin XCBuildConfiguration section */
		5463EC962C99D54200C422F4 /* Debug */ = {
			isa = XCBuildConfiguration;
			buildSettings = {
				ALWAYS_SEARCH_USER_PATHS = NO;
				ASSETCATALOG_COMPILER_GENERATE_SWIFT_ASSET_SYMBOL_EXTENSIONS = YES;
				CLANG_ANALYZER_NONNULL = YES;
				CLANG_ANALYZER_NUMBER_OBJECT_CONVERSION = YES_AGGRESSIVE;
				CLANG_CXX_LANGUAGE_STANDARD = "gnu++20";
				CLANG_ENABLE_MODULES = YES;
				CLANG_ENABLE_OBJC_ARC = YES;
				CLANG_ENABLE_OBJC_WEAK = YES;
				CLANG_WARN_BLOCK_CAPTURE_AUTORELEASING = YES;
				CLANG_WARN_BOOL_CONVERSION = YES;
				CLANG_WARN_COMMA = YES;
				CLANG_WARN_CONSTANT_CONVERSION = YES;
				CLANG_WARN_DEPRECATED_OBJC_IMPLEMENTATIONS = YES;
				CLANG_WARN_DIRECT_OBJC_ISA_USAGE = YES_ERROR;
				CLANG_WARN_DOCUMENTATION_COMMENTS = YES;
				CLANG_WARN_EMPTY_BODY = YES;
				CLANG_WARN_ENUM_CONVERSION = YES;
				CLANG_WARN_INFINITE_RECURSION = YES;
				CLANG_WARN_INT_CONVERSION = YES;
				CLANG_WARN_NON_LITERAL_NULL_CONVERSION = YES;
				CLANG_WARN_OBJC_IMPLICIT_RETAIN_SELF = YES;
				CLANG_WARN_OBJC_LITERAL_CONVERSION = YES;
				CLANG_WARN_OBJC_ROOT_CLASS = YES_ERROR;
				CLANG_WARN_QUOTED_INCLUDE_IN_FRAMEWORK_HEADER = YES;
				CLANG_WARN_RANGE_LOOP_ANALYSIS = YES;
				CLANG_WARN_STRICT_PROTOTYPES = YES;
				CLANG_WARN_SUSPICIOUS_MOVE = YES;
				CLANG_WARN_UNGUARDED_AVAILABILITY = YES_AGGRESSIVE;
				CLANG_WARN_UNREACHABLE_CODE = YES;
				CLANG_WARN__DUPLICATE_METHOD_MATCH = YES;
				COPY_PHASE_STRIP = NO;
				DEBUG_INFORMATION_FORMAT = dwarf;
				ENABLE_STRICT_OBJC_MSGSEND = YES;
				ENABLE_TESTABILITY = YES;
				ENABLE_USER_SCRIPT_SANDBOXING = YES;
				GCC_C_LANGUAGE_STANDARD = gnu17;
				GCC_DYNAMIC_NO_PIC = NO;
				GCC_NO_COMMON_BLOCKS = YES;
				GCC_OPTIMIZATION_LEVEL = 0;
				GCC_PREPROCESSOR_DEFINITIONS = (
					"DEBUG=1",
					"$(inherited)",
				);
				GCC_WARN_64_TO_32_BIT_CONVERSION = YES;
				GCC_WARN_ABOUT_RETURN_TYPE = YES_ERROR;
				GCC_WARN_UNDECLARED_SELECTOR = YES;
				GCC_WARN_UNINITIALIZED_AUTOS = YES_AGGRESSIVE;
				GCC_WARN_UNUSED_FUNCTION = YES;
				GCC_WARN_UNUSED_VARIABLE = YES;
				IPHONEOS_DEPLOYMENT_TARGET = 17.5;
				LOCALIZATION_PREFERS_STRING_CATALOGS = YES;
				MTL_ENABLE_DEBUG_INFO = INCLUDE_SOURCE;
				MTL_FAST_MATH = YES;
				ONLY_ACTIVE_ARCH = YES;
				SDKROOT = iphoneos;
				SWIFT_ACTIVE_COMPILATION_CONDITIONS = "DEBUG $(inherited)";
				SWIFT_OPTIMIZATION_LEVEL = "-Onone";
			};
			name = Debug;
		};
		5463EC972C99D54200C422F4 /* Release */ = {
			isa = XCBuildConfiguration;
			buildSettings = {
				ALWAYS_SEARCH_USER_PATHS = NO;
				ASSETCATALOG_COMPILER_GENERATE_SWIFT_ASSET_SYMBOL_EXTENSIONS = YES;
				CLANG_ANALYZER_NONNULL = YES;
				CLANG_ANALYZER_NUMBER_OBJECT_CONVERSION = YES_AGGRESSIVE;
				CLANG_CXX_LANGUAGE_STANDARD = "gnu++20";
				CLANG_ENABLE_MODULES = YES;
				CLANG_ENABLE_OBJC_ARC = YES;
				CLANG_ENABLE_OBJC_WEAK = YES;
				CLANG_WARN_BLOCK_CAPTURE_AUTORELEASING = YES;
				CLANG_WARN_BOOL_CONVERSION = YES;
				CLANG_WARN_COMMA = YES;
				CLANG_WARN_CONSTANT_CONVERSION = YES;
				CLANG_WARN_DEPRECATED_OBJC_IMPLEMENTATIONS = YES;
				CLANG_WARN_DIRECT_OBJC_ISA_USAGE = YES_ERROR;
				CLANG_WARN_DOCUMENTATION_COMMENTS = YES;
				CLANG_WARN_EMPTY_BODY = YES;
				CLANG_WARN_ENUM_CONVERSION = YES;
				CLANG_WARN_INFINITE_RECURSION = YES;
				CLANG_WARN_INT_CONVERSION = YES;
				CLANG_WARN_NON_LITERAL_NULL_CONVERSION = YES;
				CLANG_WARN_OBJC_IMPLICIT_RETAIN_SELF = YES;
				CLANG_WARN_OBJC_LITERAL_CONVERSION = YES;
				CLANG_WARN_OBJC_ROOT_CLASS = YES_ERROR;
				CLANG_WARN_QUOTED_INCLUDE_IN_FRAMEWORK_HEADER = YES;
				CLANG_WARN_RANGE_LOOP_ANALYSIS = YES;
				CLANG_WARN_STRICT_PROTOTYPES = YES;
				CLANG_WARN_SUSPICIOUS_MOVE = YES;
				CLANG_WARN_UNGUARDED_AVAILABILITY = YES_AGGRESSIVE;
				CLANG_WARN_UNREACHABLE_CODE = YES;
				CLANG_WARN__DUPLICATE_METHOD_MATCH = YES;
				COPY_PHASE_STRIP = NO;
				DEBUG_INFORMATION_FORMAT = "dwarf-with-dsym";
				ENABLE_NS_ASSERTIONS = NO;
				ENABLE_STRICT_OBJC_MSGSEND = YES;
				ENABLE_USER_SCRIPT_SANDBOXING = YES;
				GCC_C_LANGUAGE_STANDARD = gnu17;
				GCC_NO_COMMON_BLOCKS = YES;
				GCC_WARN_64_TO_32_BIT_CONVERSION = YES;
				GCC_WARN_ABOUT_RETURN_TYPE = YES_ERROR;
				GCC_WARN_UNDECLARED_SELECTOR = YES;
				GCC_WARN_UNINITIALIZED_AUTOS = YES_AGGRESSIVE;
				GCC_WARN_UNUSED_FUNCTION = YES;
				GCC_WARN_UNUSED_VARIABLE = YES;
				IPHONEOS_DEPLOYMENT_TARGET = 17.5;
				LOCALIZATION_PREFERS_STRING_CATALOGS = YES;
				MTL_ENABLE_DEBUG_INFO = NO;
				MTL_FAST_MATH = YES;
				SDKROOT = iphoneos;
				SWIFT_COMPILATION_MODE = wholemodule;
				VALIDATE_PRODUCT = YES;
			};
			name = Release;
		};
		5463EC992C99D54200C422F4 /* Debug */ = {
			isa = XCBuildConfiguration;
			buildSettings = {
				ALLOW_TARGET_PLATFORM_SPECIALIZATION = YES;
				ASSETCATALOG_COMPILER_APPICON_NAME = AppIcon;
				ASSETCATALOG_COMPILER_GLOBAL_ACCENT_COLOR_NAME = AccentColor;
				"CODE_SIGN_IDENTITY[sdk=macosx*]" = "-";
				CODE_SIGN_STYLE = Automatic;
				CURRENT_PROJECT_VERSION = 1;
				DEVELOPMENT_ASSET_PATHS = "\"BikeStation/Preview Content\"";
				DEVELOPMENT_TEAM = S6CFQ992W6;
				ENABLE_PREVIEWS = YES;
				GENERATE_INFOPLIST_FILE = YES;
				INFOPLIST_FILE = BikeStation/Info.plist;
				INFOPLIST_KEY_NSLocationWhenInUseUsageDescription = "We need your location to show you relevant data";
				INFOPLIST_KEY_UIApplicationSceneManifest_Generation = YES;
				INFOPLIST_KEY_UIApplicationSupportsIndirectInputEvents = YES;
				INFOPLIST_KEY_UILaunchScreen_Generation = YES;
				INFOPLIST_KEY_UISupportedInterfaceOrientations_iPad = "UIInterfaceOrientationPortrait UIInterfaceOrientationPortraitUpsideDown UIInterfaceOrientationLandscapeLeft UIInterfaceOrientationLandscapeRight";
				INFOPLIST_KEY_UISupportedInterfaceOrientations_iPhone = "UIInterfaceOrientationPortrait UIInterfaceOrientationLandscapeLeft UIInterfaceOrientationLandscapeRight";
				LD_RUNPATH_SEARCH_PATHS = (
					"$(inherited)",
					"@executable_path/Frameworks",
				);
				MARKETING_VERSION = 1.0;
				PRODUCT_BUNDLE_IDENTIFIER = com.maurovzdemo.BikeStation;
				PRODUCT_NAME = "$(TARGET_NAME)";
				SUPPORTED_PLATFORMS = "appletvos appletvsimulator driverkit iphoneos iphonesimulator macosx watchos watchsimulator xros xrsimulator";
				SUPPORTS_MACCATALYST = NO;
				SUPPORTS_MAC_DESIGNED_FOR_IPHONE_IPAD = NO;
				SUPPORTS_XR_DESIGNED_FOR_IPHONE_IPAD = NO;
				SWIFT_EMIT_LOC_STRINGS = YES;
				SWIFT_VERSION = 5.0;
				TARGETED_DEVICE_FAMILY = "1,2";
			};
			name = Debug;
		};
		5463EC9A2C99D54200C422F4 /* Release */ = {
			isa = XCBuildConfiguration;
			buildSettings = {
				ALLOW_TARGET_PLATFORM_SPECIALIZATION = YES;
				ASSETCATALOG_COMPILER_APPICON_NAME = AppIcon;
				ASSETCATALOG_COMPILER_GLOBAL_ACCENT_COLOR_NAME = AccentColor;
				"CODE_SIGN_IDENTITY[sdk=macosx*]" = "-";
				CODE_SIGN_STYLE = Automatic;
				CURRENT_PROJECT_VERSION = 1;
				DEVELOPMENT_ASSET_PATHS = "\"BikeStation/Preview Content\"";
				DEVELOPMENT_TEAM = S6CFQ992W6;
				ENABLE_PREVIEWS = YES;
				GENERATE_INFOPLIST_FILE = YES;
				INFOPLIST_FILE = BikeStation/Info.plist;
				INFOPLIST_KEY_NSLocationWhenInUseUsageDescription = "We need your location to show you relevant data";
				INFOPLIST_KEY_UIApplicationSceneManifest_Generation = YES;
				INFOPLIST_KEY_UIApplicationSupportsIndirectInputEvents = YES;
				INFOPLIST_KEY_UILaunchScreen_Generation = YES;
				INFOPLIST_KEY_UISupportedInterfaceOrientations_iPad = "UIInterfaceOrientationPortrait UIInterfaceOrientationPortraitUpsideDown UIInterfaceOrientationLandscapeLeft UIInterfaceOrientationLandscapeRight";
				INFOPLIST_KEY_UISupportedInterfaceOrientations_iPhone = "UIInterfaceOrientationPortrait UIInterfaceOrientationLandscapeLeft UIInterfaceOrientationLandscapeRight";
				LD_RUNPATH_SEARCH_PATHS = (
					"$(inherited)",
					"@executable_path/Frameworks",
				);
				MARKETING_VERSION = 1.0;
				PRODUCT_BUNDLE_IDENTIFIER = com.maurovzdemo.BikeStation;
				PRODUCT_NAME = "$(TARGET_NAME)";
				SUPPORTED_PLATFORMS = "appletvos appletvsimulator driverkit iphoneos iphonesimulator macosx watchos watchsimulator xros xrsimulator";
				SUPPORTS_MACCATALYST = NO;
				SUPPORTS_MAC_DESIGNED_FOR_IPHONE_IPAD = NO;
				SUPPORTS_XR_DESIGNED_FOR_IPHONE_IPAD = NO;
				SWIFT_EMIT_LOC_STRINGS = YES;
				SWIFT_VERSION = 5.0;
				TARGETED_DEVICE_FAMILY = "1,2";
			};
			name = Release;
		};
		5463ECB62C99D5F700C422F4 /* Debug */ = {
			isa = XCBuildConfiguration;
			buildSettings = {
				ALLOW_TARGET_PLATFORM_SPECIALIZATION = YES;
				BUILD_LIBRARY_FOR_DISTRIBUTION = YES;
				CLANG_ENABLE_MODULES = YES;
				"CODE_SIGN_IDENTITY[sdk=macosx*]" = "-";
				CODE_SIGN_STYLE = Automatic;
				COMBINE_HIDPI_IMAGES = YES;
				CURRENT_PROJECT_VERSION = 1;
				DEFINES_MODULE = YES;
				DEVELOPMENT_TEAM = S6CFQ992W6;
				DYLIB_COMPATIBILITY_VERSION = 1;
				DYLIB_CURRENT_VERSION = 1;
				DYLIB_INSTALL_NAME_BASE = "@rpath";
				ENABLE_MODULE_VERIFIER = YES;
				GENERATE_INFOPLIST_FILE = YES;
				INFOPLIST_KEY_NSHumanReadableCopyright = "";
				INSTALL_PATH = "$(LOCAL_LIBRARY_DIR)/Frameworks";
				LD_RUNPATH_SEARCH_PATHS = (
					"$(inherited)",
					"@executable_path/../Frameworks",
					"@loader_path/Frameworks",
				);
				MACOSX_DEPLOYMENT_TARGET = 14.5;
				MARKETING_VERSION = 1.0;
				MODULE_VERIFIER_SUPPORTED_LANGUAGES = "objective-c objective-c++";
				MODULE_VERIFIER_SUPPORTED_LANGUAGE_STANDARDS = "gnu17 gnu++20";
				PRODUCT_BUNDLE_IDENTIFIER = com.maurovzdemo.BikeDataFeature;
				PRODUCT_NAME = "$(TARGET_NAME:c99extidentifier)";
				SDKROOT = macosx;
				SKIP_INSTALL = YES;
				SUPPORTED_PLATFORMS = "xrsimulator xros watchsimulator watchos macosx iphonesimulator iphoneos driverkit appletvsimulator appletvos";
				SUPPORTS_MACCATALYST = YES;
				SWIFT_EMIT_LOC_STRINGS = YES;
				SWIFT_INSTALL_OBJC_HEADER = NO;
				SWIFT_OPTIMIZATION_LEVEL = "-Onone";
				SWIFT_VERSION = 5.0;
				VERSIONING_SYSTEM = "apple-generic";
				VERSION_INFO_PREFIX = "";
			};
			name = Debug;
		};
		5463ECB72C99D5F700C422F4 /* Release */ = {
			isa = XCBuildConfiguration;
			buildSettings = {
				ALLOW_TARGET_PLATFORM_SPECIALIZATION = YES;
				BUILD_LIBRARY_FOR_DISTRIBUTION = YES;
				CLANG_ENABLE_MODULES = YES;
				"CODE_SIGN_IDENTITY[sdk=macosx*]" = "-";
				CODE_SIGN_STYLE = Automatic;
				COMBINE_HIDPI_IMAGES = YES;
				CURRENT_PROJECT_VERSION = 1;
				DEFINES_MODULE = YES;
				DEVELOPMENT_TEAM = S6CFQ992W6;
				DYLIB_COMPATIBILITY_VERSION = 1;
				DYLIB_CURRENT_VERSION = 1;
				DYLIB_INSTALL_NAME_BASE = "@rpath";
				ENABLE_MODULE_VERIFIER = YES;
				GENERATE_INFOPLIST_FILE = YES;
				INFOPLIST_KEY_NSHumanReadableCopyright = "";
				INSTALL_PATH = "$(LOCAL_LIBRARY_DIR)/Frameworks";
				LD_RUNPATH_SEARCH_PATHS = (
					"$(inherited)",
					"@executable_path/../Frameworks",
					"@loader_path/Frameworks",
				);
				MACOSX_DEPLOYMENT_TARGET = 14.5;
				MARKETING_VERSION = 1.0;
				MODULE_VERIFIER_SUPPORTED_LANGUAGES = "objective-c objective-c++";
				MODULE_VERIFIER_SUPPORTED_LANGUAGE_STANDARDS = "gnu17 gnu++20";
				PRODUCT_BUNDLE_IDENTIFIER = com.maurovzdemo.BikeDataFeature;
				PRODUCT_NAME = "$(TARGET_NAME:c99extidentifier)";
				SDKROOT = macosx;
				SKIP_INSTALL = YES;
				SUPPORTED_PLATFORMS = "xrsimulator xros watchsimulator watchos macosx iphonesimulator iphoneos driverkit appletvsimulator appletvos";
				SUPPORTS_MACCATALYST = YES;
				SWIFT_EMIT_LOC_STRINGS = YES;
				SWIFT_INSTALL_OBJC_HEADER = NO;
				SWIFT_VERSION = 5.0;
				VERSIONING_SYSTEM = "apple-generic";
				VERSION_INFO_PREFIX = "";
			};
			name = Release;
		};
		5463ECBA2C99D5F700C422F4 /* Debug */ = {
			isa = XCBuildConfiguration;
			buildSettings = {
				ALWAYS_EMBED_SWIFT_STANDARD_LIBRARIES = YES;
				"CODE_SIGN_IDENTITY[sdk=macosx*]" = "-";
				CODE_SIGN_STYLE = Automatic;
				CURRENT_PROJECT_VERSION = 1;
				DEVELOPMENT_TEAM = S6CFQ992W6;
				GENERATE_INFOPLIST_FILE = YES;
				MACOSX_DEPLOYMENT_TARGET = 14.5;
				MARKETING_VERSION = 1.0;
				PRODUCT_BUNDLE_IDENTIFIER = com.maurovzdemo.BikeDataFeatureTests;
				PRODUCT_NAME = "$(TARGET_NAME)";
				SDKROOT = macosx;
				SWIFT_EMIT_LOC_STRINGS = NO;
				SWIFT_VERSION = 5.0;
				TEST_HOST = "$(BUILT_PRODUCTS_DIR)/BikeStation.app/$(BUNDLE_EXECUTABLE_FOLDER_PATH)/BikeStation";
			};
			name = Debug;
		};
		5463ECBB2C99D5F700C422F4 /* Release */ = {
			isa = XCBuildConfiguration;
			buildSettings = {
				ALWAYS_EMBED_SWIFT_STANDARD_LIBRARIES = YES;
				"CODE_SIGN_IDENTITY[sdk=macosx*]" = "-";
				CODE_SIGN_STYLE = Automatic;
				CURRENT_PROJECT_VERSION = 1;
				DEVELOPMENT_TEAM = S6CFQ992W6;
				GENERATE_INFOPLIST_FILE = YES;
				MACOSX_DEPLOYMENT_TARGET = 14.5;
				MARKETING_VERSION = 1.0;
				PRODUCT_BUNDLE_IDENTIFIER = com.maurovzdemo.BikeDataFeatureTests;
				PRODUCT_NAME = "$(TARGET_NAME)";
				SDKROOT = macosx;
				SWIFT_EMIT_LOC_STRINGS = NO;
				SWIFT_VERSION = 5.0;
				TEST_HOST = "$(BUILT_PRODUCTS_DIR)/BikeStation.app/$(BUNDLE_EXECUTABLE_FOLDER_PATH)/BikeStation";
			};
			name = Release;
		};
/* End XCBuildConfiguration section */

/* Begin XCConfigurationList section */
		5463EC832C99D54000C422F4 /* Build configuration list for PBXProject "BikeStation" */ = {
			isa = XCConfigurationList;
			buildConfigurations = (
				5463EC962C99D54200C422F4 /* Debug */,
				5463EC972C99D54200C422F4 /* Release */,
			);
			defaultConfigurationIsVisible = 0;
			defaultConfigurationName = Release;
		};
		5463EC982C99D54200C422F4 /* Build configuration list for PBXNativeTarget "BikeStation" */ = {
			isa = XCConfigurationList;
			buildConfigurations = (
				5463EC992C99D54200C422F4 /* Debug */,
				5463EC9A2C99D54200C422F4 /* Release */,
			);
			defaultConfigurationIsVisible = 0;
			defaultConfigurationName = Release;
		};
		5463ECB52C99D5F700C422F4 /* Build configuration list for PBXNativeTarget "BikeDataFeature" */ = {
			isa = XCConfigurationList;
			buildConfigurations = (
				5463ECB62C99D5F700C422F4 /* Debug */,
				5463ECB72C99D5F700C422F4 /* Release */,
			);
			defaultConfigurationIsVisible = 0;
			defaultConfigurationName = Release;
		};
		5463ECB92C99D5F700C422F4 /* Build configuration list for PBXNativeTarget "BikeDataFeatureTests" */ = {
			isa = XCConfigurationList;
			buildConfigurations = (
				5463ECBA2C99D5F700C422F4 /* Debug */,
				5463ECBB2C99D5F700C422F4 /* Release */,
			);
			defaultConfigurationIsVisible = 0;
			defaultConfigurationName = Release;
		};
/* End XCConfigurationList section */

/* Begin XCVersionGroup section */
		5463ECD02C99D9FB00C422F4 /* StationModel.xcdatamodeld */ = {
			isa = XCVersionGroup;
			children = (
				5463ECD12C99D9FB00C422F4 /* StationModel.xcdatamodel */,
			);
			currentVersion = 5463ECD12C99D9FB00C422F4 /* StationModel.xcdatamodel */;
			name = StationModel.xcdatamodeld;
			path = "/Users/mauriciovazquez/Documents/BikeStation/BikeDataFeature/Station Feature/Cache/Infra/StationModel.xcdatamodeld";
			sourceTree = "<group>";
			versionGroupType = wrapper.xcdatamodel;
		};
/* End XCVersionGroup section */
	};
	rootObject = 5463EC802C99D54000C422F4 /* Project object */;
}
